// !$*UTF8*$!
{
	archiveVersion = 1;
	classes = {
	};
	objectVersion = 46;
	objects = {

/* Begin PBXBuildFile section */
		CE3AC15716E2BAC800A5218D /* UIKit.framework in Frameworks */ = {isa = PBXBuildFile; fileRef = CE3AC15616E2BAC800A5218D /* UIKit.framework */; };
		CE3AC15916E2BAC800A5218D /* Foundation.framework in Frameworks */ = {isa = PBXBuildFile; fileRef = CE3AC15816E2BAC800A5218D /* Foundation.framework */; };
		CE3AC15B16E2BAC800A5218D /* CoreGraphics.framework in Frameworks */ = {isa = PBXBuildFile; fileRef = CE3AC15A16E2BAC800A5218D /* CoreGraphics.framework */; };
		CE3AC16116E2BAC800A5218D /* InfoPlist.strings in Resources */ = {isa = PBXBuildFile; fileRef = CE3AC15F16E2BAC800A5218D /* InfoPlist.strings */; };
		CE3AC16316E2BAC800A5218D /* main.m in Sources */ = {isa = PBXBuildFile; fileRef = CE3AC16216E2BAC800A5218D /* main.m */; };
		CE3AC16716E2BAC800A5218D /* StickersAppDelegate.m in Sources */ = {isa = PBXBuildFile; fileRef = CE3AC16616E2BAC800A5218D /* StickersAppDelegate.m */; };
		CE3AC16916E2BAC800A5218D /* Default.png in Resources */ = {isa = PBXBuildFile; fileRef = CE3AC16816E2BAC800A5218D /* Default.png */; };
		CE3AC16B16E2BAC800A5218D /* Default@2x.png in Resources */ = {isa = PBXBuildFile; fileRef = CE3AC16A16E2BAC800A5218D /* Default@2x.png */; };
		CE3AC16D16E2BAC800A5218D /* Default-568h@2x.png in Resources */ = {isa = PBXBuildFile; fileRef = CE3AC16C16E2BAC800A5218D /* Default-568h@2x.png */; };
		CE3AC17016E2BAC800A5218D /* MainStoryboard.storyboard in Resources */ = {isa = PBXBuildFile; fileRef = CE3AC16E16E2BAC800A5218D /* MainStoryboard.storyboard */; };
		CE3AC17316E2BAC800A5218D /* StickersViewController.m in Sources */ = {isa = PBXBuildFile; fileRef = CE3AC17216E2BAC800A5218D /* StickersViewController.m */; };
		CE3AC18F16E2BFBD00A5218D /* Util.m in Sources */ = {isa = PBXBuildFile; fileRef = CE3AC18E16E2BFBD00A5218D /* Util.m */; };
		CE3AC19A16E2C94B00A5218D /* smile1.png in Resources */ = {isa = PBXBuildFile; fileRef = CE3AC19016E2C94B00A5218D /* smile1.png */; };
		CE3AC19B16E2C94B00A5218D /* smile2.png in Resources */ = {isa = PBXBuildFile; fileRef = CE3AC19116E2C94B00A5218D /* smile2.png */; };
		CE3AC19C16E2C94B00A5218D /* smile3.png in Resources */ = {isa = PBXBuildFile; fileRef = CE3AC19216E2C94B00A5218D /* smile3.png */; };
		CE3AC19D16E2C94B00A5218D /* smile4.png in Resources */ = {isa = PBXBuildFile; fileRef = CE3AC19316E2C94B00A5218D /* smile4.png */; };
		CE3AC19E16E2C94B00A5218D /* smile5.png in Resources */ = {isa = PBXBuildFile; fileRef = CE3AC19416E2C94B00A5218D /* smile5.png */; };
		CE3AC19F16E2C94B00A5218D /* smile6.png in Resources */ = {isa = PBXBuildFile; fileRef = CE3AC19516E2C94B00A5218D /* smile6.png */; };
		CE3AC1A016E2C94B00A5218D /* smile7.png in Resources */ = {isa = PBXBuildFile; fileRef = CE3AC19616E2C94B00A5218D /* smile7.png */; };
		CE3AC1A116E2C94B00A5218D /* smile8.png in Resources */ = {isa = PBXBuildFile; fileRef = CE3AC19716E2C94B00A5218D /* smile8.png */; };
		CE3AC1A216E2C94B00A5218D /* smile9.png in Resources */ = {isa = PBXBuildFile; fileRef = CE3AC19816E2C94B00A5218D /* smile9.png */; };
		CE3AC1A316E2C94B00A5218D /* smile10.png in Resources */ = {isa = PBXBuildFile; fileRef = CE3AC19916E2C94B00A5218D /* smile10.png */; };
		CE75234916E2E6CC00052D28 /* trash.png in Resources */ = {isa = PBXBuildFile; fileRef = CE75234816E2E6CC00052D28 /* trash.png */; };
/* End PBXBuildFile section */

/* Begin PBXFileReference section */
		CE3AC15316E2BAC800A5218D /* Stickers.app */ = {isa = PBXFileReference; explicitFileType = wrapper.application; includeInIndex = 0; path = Stickers.app; sourceTree = BUILT_PRODUCTS_DIR; };
		CE3AC15616E2BAC800A5218D /* UIKit.framework */ = {isa = PBXFileReference; lastKnownFileType = wrapper.framework; name = UIKit.framework; path = System/Library/Frameworks/UIKit.framework; sourceTree = SDKROOT; };
		CE3AC15816E2BAC800A5218D /* Foundation.framework */ = {isa = PBXFileReference; lastKnownFileType = wrapper.framework; name = Foundation.framework; path = System/Library/Frameworks/Foundation.framework; sourceTree = SDKROOT; };
		CE3AC15A16E2BAC800A5218D /* CoreGraphics.framework */ = {isa = PBXFileReference; lastKnownFileType = wrapper.framework; name = CoreGraphics.framework; path = System/Library/Frameworks/CoreGraphics.framework; sourceTree = SDKROOT; };
		CE3AC15E16E2BAC800A5218D /* Stickers-Info.plist */ = {isa = PBXFileReference; lastKnownFileType = text.plist.xml; path = "Stickers-Info.plist"; sourceTree = "<group>"; };
		CE3AC16016E2BAC800A5218D /* en */ = {isa = PBXFileReference; lastKnownFileType = text.plist.strings; name = en; path = en.lproj/InfoPlist.strings; sourceTree = "<group>"; };
		CE3AC16216E2BAC800A5218D /* main.m */ = {isa = PBXFileReference; lastKnownFileType = sourcecode.c.objc; path = main.m; sourceTree = "<group>"; };
		CE3AC16416E2BAC800A5218D /* Stickers-Prefix.pch */ = {isa = PBXFileReference; lastKnownFileType = sourcecode.c.h; path = "Stickers-Prefix.pch"; sourceTree = "<group>"; };
		CE3AC16516E2BAC800A5218D /* StickersAppDelegate.h */ = {isa = PBXFileReference; lastKnownFileType = sourcecode.c.h; path = StickersAppDelegate.h; sourceTree = "<group>"; };
		CE3AC16616E2BAC800A5218D /* StickersAppDelegate.m */ = {isa = PBXFileReference; lastKnownFileType = sourcecode.c.objc; path = StickersAppDelegate.m; sourceTree = "<group>"; };
		CE3AC16816E2BAC800A5218D /* Default.png */ = {isa = PBXFileReference; lastKnownFileType = image.png; path = Default.png; sourceTree = "<group>"; };
		CE3AC16A16E2BAC800A5218D /* Default@2x.png */ = {isa = PBXFileReference; lastKnownFileType = image.png; path = "Default@2x.png"; sourceTree = "<group>"; };
		CE3AC16C16E2BAC800A5218D /* Default-568h@2x.png */ = {isa = PBXFileReference; lastKnownFileType = image.png; path = "Default-568h@2x.png"; sourceTree = "<group>"; };
		CE3AC16F16E2BAC800A5218D /* en */ = {isa = PBXFileReference; lastKnownFileType = file.storyboard; name = en; path = en.lproj/MainStoryboard.storyboard; sourceTree = "<group>"; };
		CE3AC17116E2BAC800A5218D /* StickersViewController.h */ = {isa = PBXFileReference; lastKnownFileType = sourcecode.c.h; path = StickersViewController.h; sourceTree = "<group>"; };
		CE3AC17216E2BAC800A5218D /* StickersViewController.m */ = {isa = PBXFileReference; lastKnownFileType = sourcecode.c.objc; path = StickersViewController.m; sourceTree = "<group>"; };
		CE3AC18D16E2BFBD00A5218D /* Util.h */ = {isa = PBXFileReference; fileEncoding = 4; lastKnownFileType = sourcecode.c.h; path = Util.h; sourceTree = "<group>"; };
		CE3AC18E16E2BFBD00A5218D /* Util.m */ = {isa = PBXFileReference; fileEncoding = 4; lastKnownFileType = sourcecode.c.objc; path = Util.m; sourceTree = "<group>"; };
		CE3AC19016E2C94B00A5218D /* smile1.png */ = {isa = PBXFileReference; lastKnownFileType = image.png; name = smile1.png; path = Stickers/smile1.png; sourceTree = "<group>"; };
		CE3AC19116E2C94B00A5218D /* smile2.png */ = {isa = PBXFileReference; lastKnownFileType = image.png; name = smile2.png; path = Stickers/smile2.png; sourceTree = "<group>"; };
		CE3AC19216E2C94B00A5218D /* smile3.png */ = {isa = PBXFileReference; lastKnownFileType = image.png; name = smile3.png; path = Stickers/smile3.png; sourceTree = "<group>"; };
		CE3AC19316E2C94B00A5218D /* smile4.png */ = {isa = PBXFileReference; lastKnownFileType = image.png; name = smile4.png; path = Stickers/smile4.png; sourceTree = "<group>"; };
		CE3AC19416E2C94B00A5218D /* smile5.png */ = {isa = PBXFileReference; lastKnownFileType = image.png; name = smile5.png; path = Stickers/smile5.png; sourceTree = "<group>"; };
		CE3AC19516E2C94B00A5218D /* smile6.png */ = {isa = PBXFileReference; lastKnownFileType = image.png; name = smile6.png; path = Stickers/smile6.png; sourceTree = "<group>"; };
		CE3AC19616E2C94B00A5218D /* smile7.png */ = {isa = PBXFileReference; lastKnownFileType = image.png; name = smile7.png; path = Stickers/smile7.png; sourceTree = "<group>"; };
		CE3AC19716E2C94B00A5218D /* smile8.png */ = {isa = PBXFileReference; lastKnownFileType = image.png; name = smile8.png; path = Stickers/smile8.png; sourceTree = "<group>"; };
		CE3AC19816E2C94B00A5218D /* smile9.png */ = {isa = PBXFileReference; lastKnownFileType = image.png; name = smile9.png; path = Stickers/smile9.png; sourceTree = "<group>"; };
		CE3AC19916E2C94B00A5218D /* smile10.png */ = {isa = PBXFileReference; lastKnownFileType = image.png; name = smile10.png; path = Stickers/smile10.png; sourceTree = "<group>"; };
		CE75234816E2E6CC00052D28 /* trash.png */ = {isa = PBXFileReference; lastKnownFileType = image.png; name = trash.png; path = Stickers/trash.png; sourceTree = "<group>"; };
/* End PBXFileReference section */

/* Begin PBXFrameworksBuildPhase section */
		CE3AC15016E2BAC800A5218D /* Frameworks */ = {
			isa = PBXFrameworksBuildPhase;
			buildActionMask = 2147483647;
			files = (
				CE3AC15716E2BAC800A5218D /* UIKit.framework in Frameworks */,
				CE3AC15916E2BAC800A5218D /* Foundation.framework in Frameworks */,
				CE3AC15B16E2BAC800A5218D /* CoreGraphics.framework in Frameworks */,
			);
			runOnlyForDeploymentPostprocessing = 0;
		};
/* End PBXFrameworksBuildPhase section */

/* Begin PBXGroup section */
		CE3AC14A16E2BAC800A5218D = {
			isa = PBXGroup;
			children = (
				CE3AC19016E2C94B00A5218D /* smile1.png */,
				CE3AC19116E2C94B00A5218D /* smile2.png */,
				CE3AC19216E2C94B00A5218D /* smile3.png */,
				CE3AC19316E2C94B00A5218D /* smile4.png */,
				CE3AC19416E2C94B00A5218D /* smile5.png */,
				CE3AC19516E2C94B00A5218D /* smile6.png */,
				CE3AC19616E2C94B00A5218D /* smile7.png */,
				CE3AC19716E2C94B00A5218D /* smile8.png */,
				CE3AC19816E2C94B00A5218D /* smile9.png */,
				CE3AC19916E2C94B00A5218D /* smile10.png */,
				CE75234816E2E6CC00052D28 /* trash.png */,
				CE3AC15C16E2BAC800A5218D /* Stickers */,
				CE3AC15516E2BAC800A5218D /* Frameworks */,
				CE3AC15416E2BAC800A5218D /* Products */,
			);
			sourceTree = "<group>";
		};
		CE3AC15416E2BAC800A5218D /* Products */ = {
			isa = PBXGroup;
			children = (
				CE3AC15316E2BAC800A5218D /* Stickers.app */,
			);
			name = Products;
			sourceTree = "<group>";
		};
		CE3AC15516E2BAC800A5218D /* Frameworks */ = {
			isa = PBXGroup;
			children = (
				CE3AC15616E2BAC800A5218D /* UIKit.framework */,
				CE3AC15816E2BAC800A5218D /* Foundation.framework */,
				CE3AC15A16E2BAC800A5218D /* CoreGraphics.framework */,
			);
			name = Frameworks;
			sourceTree = "<group>";
		};
		CE3AC15C16E2BAC800A5218D /* Stickers */ = {
			isa = PBXGroup;
			children = (
				CE3AC16516E2BAC800A5218D /* StickersAppDelegate.h */,
				CE3AC16616E2BAC800A5218D /* StickersAppDelegate.m */,
				CE3AC16E16E2BAC800A5218D /* MainStoryboard.storyboard */,
				CE3AC17116E2BAC800A5218D /* StickersViewController.h */,
				CE3AC17216E2BAC800A5218D /* StickersViewController.m */,
				CE3AC18D16E2BFBD00A5218D /* Util.h */,
				CE3AC18E16E2BFBD00A5218D /* Util.m */,
				CE3AC15D16E2BAC800A5218D /* Supporting Files */,
			);
			path = Stickers;
			sourceTree = "<group>";
		};
		CE3AC15D16E2BAC800A5218D /* Supporting Files */ = {
			isa = PBXGroup;
			children = (
				CE3AC15E16E2BAC800A5218D /* Stickers-Info.plist */,
				CE3AC15F16E2BAC800A5218D /* InfoPlist.strings */,
				CE3AC16216E2BAC800A5218D /* main.m */,
				CE3AC16416E2BAC800A5218D /* Stickers-Prefix.pch */,
				CE3AC16816E2BAC800A5218D /* Default.png */,
				CE3AC16A16E2BAC800A5218D /* Default@2x.png */,
				CE3AC16C16E2BAC800A5218D /* Default-568h@2x.png */,
			);
			name = "Supporting Files";
			sourceTree = "<group>";
		};
/* End PBXGroup section */

/* Begin PBXNativeTarget section */
		CE3AC15216E2BAC800A5218D /* Stickers */ = {
			isa = PBXNativeTarget;
			buildConfigurationList = CE3AC17616E2BAC800A5218D /* Build configuration list for PBXNativeTarget "Stickers" */;
			buildPhases = (
				CE3AC14F16E2BAC800A5218D /* Sources */,
				CE3AC15016E2BAC800A5218D /* Frameworks */,
				CE3AC15116E2BAC800A5218D /* Resources */,
			);
			buildRules = (
			);
			dependencies = (
			);
			name = Stickers;
			productName = Stickers;
			productReference = CE3AC15316E2BAC800A5218D /* Stickers.app */;
			productType = "com.apple.product-type.application";
		};
/* End PBXNativeTarget section */

/* Begin PBXProject section */
		CE3AC14B16E2BAC800A5218D /* Project object */ = {
			isa = PBXProject;
			attributes = {
				CLASSPREFIX = Stickers;
				LastUpgradeCheck = 0460;
				ORGANIZATIONNAME = nyu;
			};
			buildConfigurationList = CE3AC14E16E2BAC800A5218D /* Build configuration list for PBXProject "Stickers" */;
			compatibilityVersion = "Xcode 3.2";
			developmentRegion = English;
			hasScannedForEncodings = 0;
			knownRegions = (
				en,
			);
			mainGroup = CE3AC14A16E2BAC800A5218D;
			productRefGroup = CE3AC15416E2BAC800A5218D /* Products */;
			projectDirPath = "";
			projectRoot = "";
			targets = (
				CE3AC15216E2BAC800A5218D /* Stickers */,
			);
		};
/* End PBXProject section */

/* Begin PBXResourcesBuildPhase section */
		CE3AC15116E2BAC800A5218D /* Resources */ = {
			isa = PBXResourcesBuildPhase;
			buildActionMask = 2147483647;
			files = (
				CE3AC16116E2BAC800A5218D /* InfoPlist.strings in Resources */,
				CE3AC16916E2BAC800A5218D /* Default.png in Resources */,
				CE3AC16B16E2BAC800A5218D /* Default@2x.png in Resources */,
				CE3AC16D16E2BAC800A5218D /* Default-568h@2x.png in Resources */,
				CE3AC17016E2BAC800A5218D /* MainStoryboard.storyboard in Resources */,
				CE3AC19A16E2C94B00A5218D /* smile1.png in Resources */,
				CE3AC19B16E2C94B00A5218D /* smile2.png in Resources */,
				CE3AC19C16E2C94B00A5218D /* smile3.png in Resources */,
				CE3AC19D16E2C94B00A5218D /* smile4.png in Resources */,
				CE3AC19E16E2C94B00A5218D /* smile5.png in Resources */,
				CE3AC19F16E2C94B00A5218D /* smile6.png in Resources */,
				CE3AC1A016E2C94B00A5218D /* smile7.png in Resources */,
				CE3AC1A116E2C94B00A5218D /* smile8.png in Resources */,
				CE3AC1A216E2C94B00A5218D /* smile9.png in Resources */,
				CE3AC1A316E2C94B00A5218D /* smile10.png in Resources */,
				CE75234916E2E6CC00052D28 /* trash.png in Resources */,
			);
			runOnlyForDeploymentPostprocessing = 0;
		};
/* End PBXResourcesBuildPhase section */

/* Begin PBXSourcesBuildPhase section */
		CE3AC14F16E2BAC800A5218D /* Sources */ = {
			isa = PBXSourcesBuildPhase;
			buildActionMask = 2147483647;
			files = (
				CE3AC16316E2BAC800A5218D /* main.m in Sources */,
				CE3AC16716E2BAC800A5218D /* StickersAppDelegate.m in Sources */,
				CE3AC17316E2BAC800A5218D /* StickersViewController.m in Sources */,
				CE3AC18F16E2BFBD00A5218D /* Util.m in Sources */,
			);
			runOnlyForDeploymentPostprocessing = 0;
		};
/* End PBXSourcesBuildPhase section */

/* Begin PBXVariantGroup section */
		CE3AC15F16E2BAC800A5218D /* InfoPlist.strings */ = {
			isa = PBXVariantGroup;
			children = (
				CE3AC16016E2BAC800A5218D /* en */,
			);
			name = InfoPlist.strings;
			sourceTree = "<group>";
		};
		CE3AC16E16E2BAC800A5218D /* MainStoryboard.storyboard */ = {
			isa = PBXVariantGroup;
			children = (
				CE3AC16F16E2BAC800A5218D /* en */,
			);
			name = MainStoryboard.storyboard;
			sourceTree = "<group>";
		};
/* End PBXVariantGroup section */

/* Begin XCBuildConfiguration section */
		CE3AC17416E2BAC800A5218D /* Debug */ = {
			isa = XCBuildConfiguration;
			buildSettings = {
				ALWAYS_SEARCH_USER_PATHS = NO;
				CLANG_CXX_LANGUAGE_STANDARD = "gnu++0x";
				CLANG_CXX_LIBRARY = "libc++";
				CLANG_ENABLE_OBJC_ARC = YES;
				CLANG_WARN_CONSTANT_CONVERSION = YES;
				CLANG_WARN_EMPTY_BODY = YES;
				CLANG_WARN_ENUM_CONVERSION = YES;
				CLANG_WARN_INT_CONVERSION = YES;
				CLANG_WARN__DUPLICATE_METHOD_MATCH = YES;
				"CODE_SIGN_IDENTITY[sdk=iphoneos*]" = "iPhone Developer";
				COPY_PHASE_STRIP = NO;
				GCC_C_LANGUAGE_STANDARD = gnu99;
				GCC_DYNAMIC_NO_PIC = NO;
				GCC_OPTIMIZATION_LEVEL = 0;
				GCC_PREPROCESSOR_DEFINITIONS = (
					"DEBUG=1",
					"$(inherited)",
				);
				GCC_SYMBOLS_PRIVATE_EXTERN = NO;
				GCC_WARN_ABOUT_RETURN_TYPE = YES;
				GCC_WARN_UNINITIALIZED_AUTOS = YES;
				GCC_WARN_UNUSED_VARIABLE = YES;
				IPHONEOS_DEPLOYMENT_TARGET = 6.1;
				ONLY_ACTIVE_ARCH = YES;
				SDKROOT = iphoneos;
			};
			name = Debug;
		};
		CE3AC17516E2BAC800A5218D /* Release */ = {
			isa = XCBuildConfiguration;
			buildSettings = {
				ALWAYS_SEARCH_USER_PATHS = NO;
				CLANG_CXX_LANGUAGE_STANDARD = "gnu++0x";
				CLANG_CXX_LIBRARY = "libc++";
				CLANG_ENABLE_OBJC_ARC = YES;
				CLANG_WARN_CONSTANT_CONVERSION = YES;
				CLANG_WARN_EMPTY_BODY = YES;
				CLANG_WARN_ENUM_CONVERSION = YES;
				CLANG_WARN_INT_CONVERSION = YES;
				CLANG_WARN__DUPLICATE_METHOD_MATCH = YES;
				"CODE_SIGN_IDENTITY[sdk=iphoneos*]" = "iPhone Developer";
				COPY_PHASE_STRIP = YES;
				GCC_C_LANGUAGE_STANDARD = gnu99;
				GCC_WARN_ABOUT_RETURN_TYPE = YES;
				GCC_WARN_UNINITIALIZED_AUTOS = YES;
				GCC_WARN_UNUSED_VARIABLE = YES;
				IPHONEOS_DEPLOYMENT_TARGET = 6.1;
				OTHER_CFLAGS = "-DNS_BLOCK_ASSERTIONS=1";
				SDKROOT = iphoneos;
				VALIDATE_PRODUCT = YES;
			};
			name = Release;
		};
		CE3AC17716E2BAC800A5218D /* Debug */ = {
			isa = XCBuildConfiguration;
			buildSettings = {
				GCC_PRECOMPILE_PREFIX_HEADER = YES;
				GCC_PREFIX_HEADER = "Stickers/Stickers-Prefix.pch";
				INFOPLIST_FILE = "Stickers/Stickers-Info.plist";
				PRODUCT_NAME = "$(TARGET_NAME)";
				WRAPPER_EXTENSION = app;
			};
			name = Debug;
		};
		CE3AC17816E2BAC800A5218D /* Release */ = {
			isa = XCBuildConfiguration;
			buildSettings = {
				GCC_PRECOMPILE_PREFIX_HEADER = YES;
				GCC_PREFIX_HEADER = "Stickers/Stickers-Prefix.pch";
				INFOPLIST_FILE = "Stickers/Stickers-Info.plist";
				PRODUCT_NAME = "$(TARGET_NAME)";
				WRAPPER_EXTENSION = app;
			};
			name = Release;
		};
/* End XCBuildConfiguration section */

/* Begin XCConfigurationList section */
		CE3AC14E16E2BAC800A5218D /* Build configuration list for PBXProject "Stickers" */ = {
			isa = XCConfigurationList;
			buildConfigurations = (
				CE3AC17416E2BAC800A5218D /* Debug */,
				CE3AC17516E2BAC800A5218D /* Release */,
			);
			defaultConfigurationIsVisible = 0;
			defaultConfigurationName = Release;
		};
		CE3AC17616E2BAC800A5218D /* Build configuration list for PBXNativeTarget "Stickers" */ = {
			isa = XCConfigurationList;
			buildConfigurations = (
				CE3AC17716E2BAC800A5218D /* Debug */,
				CE3AC17816E2BAC800A5218D /* Release */,
			);
			defaultConfigurationIsVisible = 0;
			defaultConfigurationName = Release;
		};
/* End XCConfigurationList section */
	};
	rootObject = CE3AC14B16E2BAC800A5218D /* Project object */;
}
